
Microsoft Visual Studio Solution File, Format Version 12.00
# Visual Studio 15
VisualStudioVersion = 15.0.27703.2035
MinimumVisualStudioVersion = 10.0.40219.1
Project("{FAE04EC0-301F-11D3-BF4B-00C04F79EFBC}") = "ServerHealthCheckup", "ServerHealthCheckup\ServerHealthCheckup.csproj", "{E849414E-E0A7-47E1-B838-4015E4309C11}"
EndProject
Global
	GlobalSection(SolutionConfigurationPlatforms) = preSolution
		Debug|Any CPU = Debug|Any CPU
		Release|Any CPU = Release|Any CPU
	EndGlobalSection
	GlobalSection(ProjectConfigurationPlatforms) = postSolution
		{E849414E-E0A7-47E1-B838-4015E4309C11}.Debug|Any CPU.ActiveCfg = Debug|Any CPU
		{E849414E-E0A7-47E1-B838-4015E4309C11}.Debug|Any CPU.Build.0 = Debug|Any CPU
		{E849414E-E0A7-47E1-B838-4015E4309C11}.Release|Any CPU.ActiveCfg = Release|Any CPU
		{E849414E-E0A7-47E1-B838-4015E4309C11}.Release|Any CPU.Build.0 = Release|Any CPU
	EndGlobalSection
	GlobalSection(SolutionProperties) = preSolution
		HideSolutionNode = FALSE
	EndGlobalSection
	GlobalSection(ExtensibilityGlobals) = postSolution
		SolutionGuid = {A2385B9C-292F-41A0-AD4B-DA0C673AA054}
	EndGlobalSection
EndGlobal
